// !$*UTF8*$!
{
	archiveVersion = 1;
	classes = {
	};
	objectVersion = 77;
	objects = {

/* Begin PBXFileReference section */
		0B7760D62D66422200A9A2AF /* SystemManager.playground */ = {isa = PBXFileReference; lastKnownFileType = file.playground; path = SystemManager.playground; sourceTree = "<group>"; xcLanguageSpecificationIdentifier = xcode.lang.swift; };
/* End PBXFileReference section */

/* Begin PBXGroup section */
		0B7760CF2D6641EE00A9A2AF = {
			isa = PBXGroup;
			children = (
				0B7760D62D66422200A9A2AF /* SystemManager.playground */,
			);
			sourceTree = "<group>";
		};
/* End PBXGroup section */

/* Begin PBXProject section */
		0B7760D02D6641EE00A9A2AF /* Project object */ = {
			isa = PBXProject;
			attributes = {
				BuildIndependentTargetsInParallel = 1;
				LastUpgradeCheck = 1620;
			};
			buildConfigurationList = 0B7760D32D6641EE00A9A2AF /* Build configuration list for PBXProject "System Students Manager" */;
			developmentRegion = en;
			hasScannedForEncodings = 0;
			knownRegions = (
				en,
				Base,
			);
			mainGroup = 0B7760CF2D6641EE00A9A2AF;
			minimizedProjectReferenceProxies = 1;
			preferredProjectObjectVersion = 77;
			projectDirPath = "";
			projectRoot = "";
			targets = (
			);
		};
/* End PBXProject section */

/* Begin XCBuildConfiguration section */
		0B7760D42D6641EE00A9A2AF /* Debug */ = {
			isa = XCBuildConfiguration;
			buildSettings = {
			};
			name = Debug;
		};
		0B7760D52D6641EE00A9A2AF /* Release */ = {
			isa = XCBuildConfiguration;
			buildSettings = {
			};
			name = Release;
		};
/* End XCBuildConfiguration section */

/* Begin XCConfigurationList section */
		0B7760D32D6641EE00A9A2AF /* Build configuration list for PBXProject "System Students Manager" */ = {
			isa = XCConfigurationList;
			buildConfigurations = (
				0B7760D42D6641EE00A9A2AF /* Debug */,
				0B7760D52D6641EE00A9A2AF /* Release */,
			);
			defaultConfigurationIsVisible = 0;
			defaultConfigurationName = Release;
		};
/* End XCConfigurationList section */
	};
	rootObject = 0B7760D02D6641EE00A9A2AF /* Project object */;
}
